schema: '2.0'
stages:
  train_model:
    cmd: python train_model.py
    deps:
    - path: data.csv
      hash: md5
      md5: cb7b846b707127211807e2f9c945a3d9
      size: 5294
    - path: train_model.py
      hash: md5
      md5: 0a4fc5a443ef062cc0a0e56e0e1146fd
      size: 1099
    outs:
    - path: model.joblib
      hash: md5
      md5: af39d4d4d1166fb48673192529ffd315
      size: 1583
